
Microsoft Visual Studio Solution File, Format Version 12.00
# Visual Studio Version 16
VisualStudioVersion = 16.0.34931.43
MinimumVisualStudioVersion = 10.0.40219.1
Project("{8BC9CEB8-8B4A-11D0-8D11-00A0C91BC942}") = "T53VLK", "T53VLK.vcxproj", "{B3A19E0A-0EA2-4FC8-87A3-1FC6E94F4B29}"
EndProject
Global
	GlobalSection(SolutionConfigurationPlatforms) = preSolution
		Debug|x64 = Debug|x64
		Debug|x86 = Debug|x86
		Release|x64 = Release|x64
		Release|x86 = Release|x86
	EndGlobalSection
	GlobalSection(ProjectConfigurationPlatforms) = postSolution
		{B3A19E0A-0EA2-4FC8-87A3-1FC6E94F4B29}.Debug|x64.ActiveCfg = Debug|x64
		{B3A19E0A-0EA2-4FC8-87A3-1FC6E94F4B29}.Debug|x64.Build.0 = Debug|x64
		{B3A19E0A-0EA2-4FC8-87A3-1FC6E94F4B29}.Debug|x86.ActiveCfg = Debug|Win32
		{B3A19E0A-0EA2-4FC8-87A3-1FC6E94F4B29}.Debug|x86.Build.0 = Debug|Win32
		{B3A19E0A-0EA2-4FC8-87A3-1FC6E94F4B29}.Release|x64.ActiveCfg = Release|x64
		{B3A19E0A-0EA2-4FC8-87A3-1FC6E94F4B29}.Release|x64.Build.0 = Release|x64
		{B3A19E0A-0EA2-4FC8-87A3-1FC6E94F4B29}.Release|x86.ActiveCfg = Release|Win32
		{B3A19E0A-0EA2-4FC8-87A3-1FC6E94F4B29}.Release|x86.Build.0 = Release|Win32
	EndGlobalSection
	GlobalSection(SolutionProperties) = preSolution
		HideSolutionNode = FALSE
	EndGlobalSection
	GlobalSection(ExtensibilityGlobals) = postSolution
		SolutionGuid = {A3649A4C-6ED6-478C-A4B1-6803475D0B4E}
	EndGlobalSection
EndGlobal
